// !$*UTF8*$!
{
	archiveVersion = 1;
	classes = {
	};
	objectVersion = 46;
	objects = {

/* Begin PBXBuildFile section */
		D475DB0D18CDA07000D8BB93 /* InitShader.cpp in Sources */ = {isa = PBXBuildFile; fileRef = D475DB0818CDA07000D8BB93 /* InitShader.cpp */; };
		D475DB1118CDA0B000D8BB93 /* OpenGL.framework in Frameworks */ = {isa = PBXBuildFile; fileRef = D475DB1018CDA0B000D8BB93 /* OpenGL.framework */; };
		D475DB1318CDA0B700D8BB93 /* GLUT.framework in Frameworks */ = {isa = PBXBuildFile; fileRef = D475DB1218CDA0B700D8BB93 /* GLUT.framework */; };
		D475DB1518CDA12900D8BB93 /* fshader81.glsl in CopyFiles */ = {isa = PBXBuildFile; fileRef = D475DB0418CDA07000D8BB93 /* fshader81.glsl */; };
		D475DB1618CDA12900D8BB93 /* vshader81.glsl in CopyFiles */ = {isa = PBXBuildFile; fileRef = D475DB0B18CDA07000D8BB93 /* vshader81.glsl */; };
		D475DB1818CDA36000D8BB93 /* myrobot.cpp in Sources */ = {isa = PBXBuildFile; fileRef = D475DB1718CDA36000D8BB93 /* myrobot.cpp */; };
/* End PBXBuildFile section */

/* Begin PBXCopyFilesBuildPhase section */
		D475DB1418CDA11E00D8BB93 /* CopyFiles */ = {
			isa = PBXCopyFilesBuildPhase;
			buildActionMask = 2147483647;
			dstPath = "";
			dstSubfolderSpec = 7;
			files = (
				D475DB1518CDA12900D8BB93 /* fshader81.glsl in CopyFiles */,
				D475DB1618CDA12900D8BB93 /* vshader81.glsl in CopyFiles */,
			);
			runOnlyForDeploymentPostprocessing = 0;
		};
/* End PBXCopyFilesBuildPhase section */

/* Begin PBXFileReference section */
		D475DAF718CDA01400D8BB93 /* Robot */ = {isa = PBXFileReference; explicitFileType = "compiled.mach-o.executable"; includeInIndex = 0; path = Robot; sourceTree = BUILT_PRODUCTS_DIR; };
		D475DB0418CDA07000D8BB93 /* fshader81.glsl */ = {isa = PBXFileReference; fileEncoding = 4; lastKnownFileType = text; path = fshader81.glsl; sourceTree = "<group>"; };
		D475DB0618CDA07000D8BB93 /* Angel.h */ = {isa = PBXFileReference; fileEncoding = 4; lastKnownFileType = sourcecode.c.h; path = Angel.h; sourceTree = "<group>"; };
		D475DB0718CDA07000D8BB93 /* common.h */ = {isa = PBXFileReference; fileEncoding = 4; lastKnownFileType = sourcecode.c.h; path = common.h; sourceTree = "<group>"; };
		D475DB0818CDA07000D8BB93 /* InitShader.cpp */ = {isa = PBXFileReference; fileEncoding = 4; lastKnownFileType = sourcecode.cpp.cpp; path = InitShader.cpp; sourceTree = "<group>"; };
		D475DB0918CDA07000D8BB93 /* mat.h */ = {isa = PBXFileReference; fileEncoding = 4; lastKnownFileType = sourcecode.c.h; path = mat.h; sourceTree = "<group>"; };
		D475DB0A18CDA07000D8BB93 /* vec.h */ = {isa = PBXFileReference; fileEncoding = 4; lastKnownFileType = sourcecode.c.h; path = vec.h; sourceTree = "<group>"; };
		D475DB0B18CDA07000D8BB93 /* vshader81.glsl */ = {isa = PBXFileReference; fileEncoding = 4; lastKnownFileType = text; path = vshader81.glsl; sourceTree = "<group>"; };
		D475DB1018CDA0B000D8BB93 /* OpenGL.framework */ = {isa = PBXFileReference; lastKnownFileType = wrapper.framework; name = OpenGL.framework; path = System/Library/Frameworks/OpenGL.framework; sourceTree = SDKROOT; };
		D475DB1218CDA0B700D8BB93 /* GLUT.framework */ = {isa = PBXFileReference; lastKnownFileType = wrapper.framework; name = GLUT.framework; path = System/Library/Frameworks/GLUT.framework; sourceTree = SDKROOT; };
		D475DB1718CDA36000D8BB93 /* myrobot.cpp */ = {isa = PBXFileReference; fileEncoding = 4; lastKnownFileType = sourcecode.cpp.cpp; path = myrobot.cpp; sourceTree = "<group>"; };
/* End PBXFileReference section */

/* Begin PBXFrameworksBuildPhase section */
		D475DAF418CDA01400D8BB93 /* Frameworks */ = {
			isa = PBXFrameworksBuildPhase;
			buildActionMask = 2147483647;
			files = (
				D475DB1318CDA0B700D8BB93 /* GLUT.framework in Frameworks */,
				D475DB1118CDA0B000D8BB93 /* OpenGL.framework in Frameworks */,
			);
			runOnlyForDeploymentPostprocessing = 0;
		};
/* End PBXFrameworksBuildPhase section */

/* Begin PBXGroup section */
		D475DAEE18CDA01400D8BB93 = {
			isa = PBXGroup;
			children = (
				D475DB1218CDA0B700D8BB93 /* GLUT.framework */,
				D475DB1018CDA0B000D8BB93 /* OpenGL.framework */,
				D475DAF918CDA01400D8BB93 /* Robot */,
				D475DAF818CDA01400D8BB93 /* Products */,
			);
			sourceTree = "<group>";
		};
		D475DAF818CDA01400D8BB93 /* Products */ = {
			isa = PBXGroup;
			children = (
				D475DAF718CDA01400D8BB93 /* Robot */,
			);
			name = Products;
			sourceTree = "<group>";
		};
		D475DAF918CDA01400D8BB93 /* Robot */ = {
			isa = PBXGroup;
			children = (
				D475DB1718CDA36000D8BB93 /* myrobot.cpp */,
				D475DB0418CDA07000D8BB93 /* fshader81.glsl */,
				D475DB0B18CDA07000D8BB93 /* vshader81.glsl */,
				D475DB0518CDA07000D8BB93 /* include */,
			);
			path = Robot;
			sourceTree = "<group>";
		};
		D475DB0518CDA07000D8BB93 /* include */ = {
			isa = PBXGroup;
			children = (
				D475DB0618CDA07000D8BB93 /* Angel.h */,
				D475DB0718CDA07000D8BB93 /* common.h */,
				D475DB0818CDA07000D8BB93 /* InitShader.cpp */,
				D475DB0918CDA07000D8BB93 /* mat.h */,
				D475DB0A18CDA07000D8BB93 /* vec.h */,
			);
			path = include;
			sourceTree = "<group>";
		};
/* End PBXGroup section */

/* Begin PBXNativeTarget section */
		D475DAF618CDA01400D8BB93 /* Robot */ = {
			isa = PBXNativeTarget;
			buildConfigurationList = D475DB0018CDA01400D8BB93 /* Build configuration list for PBXNativeTarget "Robot" */;
			buildPhases = (
				D475DAF318CDA01400D8BB93 /* Sources */,
				D475DAF418CDA01400D8BB93 /* Frameworks */,
				D475DB1418CDA11E00D8BB93 /* CopyFiles */,
			);
			buildRules = (
			);
			dependencies = (
			);
			name = Robot;
			productName = Robot;
			productReference = D475DAF718CDA01400D8BB93 /* Robot */;
			productType = "com.apple.product-type.tool";
		};
/* End PBXNativeTarget section */

/* Begin PBXProject section */
		D475DAEF18CDA01400D8BB93 /* Project object */ = {
			isa = PBXProject;
			attributes = {
				LastUpgradeCheck = 0500;
				ORGANIZATIONNAME = "Shan Cao";
			};
			buildConfigurationList = D475DAF218CDA01400D8BB93 /* Build configuration list for PBXProject "Robot" */;
			compatibilityVersion = "Xcode 3.2";
			developmentRegion = English;
			hasScannedForEncodings = 0;
			knownRegions = (
				en,
			);
			mainGroup = D475DAEE18CDA01400D8BB93;
			productRefGroup = D475DAF818CDA01400D8BB93 /* Products */;
			projectDirPath = "";
			projectRoot = "";
			targets = (
				D475DAF618CDA01400D8BB93 /* Robot */,
			);
		};
/* End PBXProject section */

/* Begin PBXSourcesBuildPhase section */
		D475DAF318CDA01400D8BB93 /* Sources */ = {
			isa = PBXSourcesBuildPhase;
			buildActionMask = 2147483647;
			files = (
				D475DB1818CDA36000D8BB93 /* myrobot.cpp in Sources */,
				D475DB0D18CDA07000D8BB93 /* InitShader.cpp in Sources */,
			);
			runOnlyForDeploymentPostprocessing = 0;
		};
/* End PBXSourcesBuildPhase section */

/* Begin XCBuildConfiguration section */
		D475DAFE18CDA01400D8BB93 /* Debug */ = {
			isa = XCBuildConfiguration;
			buildSettings = {
				ALWAYS_SEARCH_USER_PATHS = NO;
				CLANG_CXX_LANGUAGE_STANDARD = "gnu++0x";
				CLANG_CXX_LIBRARY = "libc++";
				CLANG_ENABLE_OBJC_ARC = YES;
				CLANG_WARN_BOOL_CONVERSION = YES;
				CLANG_WARN_CONSTANT_CONVERSION = YES;
				CLANG_WARN_DIRECT_OBJC_ISA_USAGE = YES_ERROR;
				CLANG_WARN_EMPTY_BODY = YES;
				CLANG_WARN_ENUM_CONVERSION = YES;
				CLANG_WARN_INT_CONVERSION = YES;
				CLANG_WARN_OBJC_ROOT_CLASS = YES_ERROR;
				CLANG_WARN__DUPLICATE_METHOD_MATCH = YES;
				COPY_PHASE_STRIP = NO;
				GCC_C_LANGUAGE_STANDARD = gnu99;
				GCC_DYNAMIC_NO_PIC = NO;
				GCC_ENABLE_OBJC_EXCEPTIONS = YES;
				GCC_OPTIMIZATION_LEVEL = 0;
				GCC_PREPROCESSOR_DEFINITIONS = (
					"DEBUG=1",
					"$(inherited)",
				);
				GCC_SYMBOLS_PRIVATE_EXTERN = NO;
				GCC_WARN_64_TO_32_BIT_CONVERSION = YES;
				GCC_WARN_ABOUT_DEPRECATED_FUNCTIONS = NO;
				GCC_WARN_ABOUT_RETURN_TYPE = YES_ERROR;
				GCC_WARN_UNDECLARED_SELECTOR = YES;
				GCC_WARN_UNINITIALIZED_AUTOS = YES;
				GCC_WARN_UNUSED_FUNCTION = YES;
				GCC_WARN_UNUSED_VARIABLE = YES;
				MACOSX_DEPLOYMENT_TARGET = 10.9;
				ONLY_ACTIVE_ARCH = YES;
				SDKROOT = macosx;
			};
			name = Debug;
		};
		D475DAFF18CDA01400D8BB93 /* Release */ = {
			isa = XCBuildConfiguration;
			buildSettings = {
				ALWAYS_SEARCH_USER_PATHS = NO;
				CLANG_CXX_LANGUAGE_STANDARD = "gnu++0x";
				CLANG_CXX_LIBRARY = "libc++";
				CLANG_ENABLE_OBJC_ARC = YES;
				CLANG_WARN_BOOL_CONVERSION = YES;
				CLANG_WARN_CONSTANT_CONVERSION = YES;
				CLANG_WARN_DIRECT_OBJC_ISA_USAGE = YES_ERROR;
				CLANG_WARN_EMPTY_BODY = YES;
				CLANG_WARN_ENUM_CONVERSION = YES;
				CLANG_WARN_INT_CONVERSION = YES;
				CLANG_WARN_OBJC_ROOT_CLASS = YES_ERROR;
				CLANG_WARN__DUPLICATE_METHOD_MATCH = YES;
				COPY_PHASE_STRIP = YES;
				DEBUG_INFORMATION_FORMAT = "dwarf-with-dsym";
				ENABLE_NS_ASSERTIONS = NO;
				GCC_C_LANGUAGE_STANDARD = gnu99;
				GCC_ENABLE_OBJC_EXCEPTIONS = YES;
				GCC_WARN_64_TO_32_BIT_CONVERSION = YES;
				GCC_WARN_ABOUT_DEPRECATED_FUNCTIONS = NO;
				GCC_WARN_ABOUT_RETURN_TYPE = YES_ERROR;
				GCC_WARN_UNDECLARED_SELECTOR = YES;
				GCC_WARN_UNINITIALIZED_AUTOS = YES;
				GCC_WARN_UNUSED_FUNCTION = YES;
				GCC_WARN_UNUSED_VARIABLE = YES;
				MACOSX_DEPLOYMENT_TARGET = 10.9;
				SDKROOT = macosx;
			};
			name = Release;
		};
		D475DB0118CDA01400D8BB93 /* Debug */ = {
			isa = XCBuildConfiguration;
			buildSettings = {
				PRODUCT_NAME = "$(TARGET_NAME)";
			};
			name = Debug;
		};
		D475DB0218CDA01400D8BB93 /* Release */ = {
			isa = XCBuildConfiguration;
			buildSettings = {
				PRODUCT_NAME = "$(TARGET_NAME)";
			};
			name = Release;
		};
/* End XCBuildConfiguration section */

/* Begin XCConfigurationList section */
		D475DAF218CDA01400D8BB93 /* Build configuration list for PBXProject "Robot" */ = {
			isa = XCConfigurationList;
			buildConfigurations = (
				D475DAFE18CDA01400D8BB93 /* Debug */,
				D475DAFF18CDA01400D8BB93 /* Release */,
			);
			defaultConfigurationIsVisible = 0;
			defaultConfigurationName = Release;
		};
		D475DB0018CDA01400D8BB93 /* Build configuration list for PBXNativeTarget "Robot" */ = {
			isa = XCConfigurationList;
			buildConfigurations = (
				D475DB0118CDA01400D8BB93 /* Debug */,
				D475DB0218CDA01400D8BB93 /* Release */,
			);
			defaultConfigurationIsVisible = 0;
		};
/* End XCConfigurationList section */
	};
	rootObject = D475DAEF18CDA01400D8BB93 /* Project object */;
}
